# THIS IS AN AUTOGENERATED FILE. DO NOT EDIT THIS FILE DIRECTLY.
# yarn lockfile v1


"@types/faker@4.1.8":
  version "4.1.8"
  resolved "https://registry.yarnpkg.com/@types/faker/-/faker-4.1.8.tgz#95240361f1379addae0a005ced7c5c77b0b1e1d8"
  integrity sha512-9ARxZRyXXCMMf8KjYhnD+GHE789HGwIqa1dolCRl/C6ExwvBIUmnIktLeY71TPmFOQiU3DQwrbQEX0pkyqX1tQ==

"@types/googlemaps@3.38.1":
  version "3.38.1"
  resolved "https://registry.yarnpkg.com/@types/googlemaps/-/googlemaps-3.38.1.tgz#34f0be176f899bab5563103d7103fa7c3a72c02c"
  integrity sha512-6rVIwaJOKXAMzg+Cz22+fJkgQd8IMK8q9DBSL3Wg9GAffGCy71MdTEf+8T9bIa4mvC0DClEsyzwrOfuf9rM0Zg==

faker@4.1.0:
  version "4.1.0"
  resolved "https://registry.yarnpkg.com/faker/-/faker-4.1.0.tgz#1e45bbbecc6774b3c195fad2835109c6d748cc3f"
  integrity sha1-HkW7vsxndLPBlfrSg1EJxtdIzD8=

typescript@3.7.3:
  version "3.7.3"
  resolved "https://registry.yarnpkg.com/typescript/-/typescript-3.7.3.tgz#b36840668a16458a7025b9eabfad11b66ab85c69"
  integrity sha512-Mcr/Qk7hXqFBXMN7p7Lusj1ktCBydylfQM/FZCk5glCNQJrCUKPkMHdo9R0MTFWsC/4kPFvDS0fDPvukfCkFsw==
